
Microsoft Visual Studio Solution File, Format Version 11.00
# Visual Studio 2010
Project("{FAE04EC0-301F-11D3-BF4B-00C04F79EFBC}") = "erlangmini", "erlangmini\erlangmini.csproj", "{62A7459A-C046-4EE2-8FB8-981175C24254}"
EndProject
Project("{FAE04EC0-301F-11D3-BF4B-00C04F79EFBC}") = "SecretLabs.NETMF.Net.Wiznet5100", "SecretLabs.NETMF.Net.Wiznet5100\SecretLabs.NETMF.Net.Wiznet5100.csproj", "{5BFBF523-369B-4E00-931B-6E4E9641C1E0}"
EndProject
Project("{FAE04EC0-301F-11D3-BF4B-00C04F79EFBC}") = "TestApp", "TestApp\TestApp.csproj", "{D3692C31-075E-4C7F-94C2-0123CE7AD31D}"
EndProject
Global
	GlobalSection(SolutionConfigurationPlatforms) = preSolution
		Debug|Any CPU = Debug|Any CPU
		Debug|Mixed Platforms = Debug|Mixed Platforms
		Debug|x86 = Debug|x86
		Release|Any CPU = Release|Any CPU
		Release|Mixed Platforms = Release|Mixed Platforms
		Release|x86 = Release|x86
	EndGlobalSection
	GlobalSection(ProjectConfigurationPlatforms) = postSolution
		{62A7459A-C046-4EE2-8FB8-981175C24254}.Debug|Any CPU.ActiveCfg = Debug|Any CPU
		{62A7459A-C046-4EE2-8FB8-981175C24254}.Debug|Any CPU.Build.0 = Debug|Any CPU
		{62A7459A-C046-4EE2-8FB8-981175C24254}.Debug|Any CPU.Deploy.0 = Debug|Any CPU
		{62A7459A-C046-4EE2-8FB8-981175C24254}.Debug|Mixed Platforms.ActiveCfg = Debug|Any CPU
		{62A7459A-C046-4EE2-8FB8-981175C24254}.Debug|Mixed Platforms.Build.0 = Debug|Any CPU
		{62A7459A-C046-4EE2-8FB8-981175C24254}.Debug|Mixed Platforms.Deploy.0 = Debug|Any CPU
		{62A7459A-C046-4EE2-8FB8-981175C24254}.Debug|x86.ActiveCfg = Debug|Any CPU
		{62A7459A-C046-4EE2-8FB8-981175C24254}.Release|Any CPU.ActiveCfg = Release|Any CPU
		{62A7459A-C046-4EE2-8FB8-981175C24254}.Release|Any CPU.Build.0 = Release|Any CPU
		{62A7459A-C046-4EE2-8FB8-981175C24254}.Release|Any CPU.Deploy.0 = Release|Any CPU
		{62A7459A-C046-4EE2-8FB8-981175C24254}.Release|Mixed Platforms.ActiveCfg = Release|Any CPU
		{62A7459A-C046-4EE2-8FB8-981175C24254}.Release|Mixed Platforms.Build.0 = Release|Any CPU
		{62A7459A-C046-4EE2-8FB8-981175C24254}.Release|Mixed Platforms.Deploy.0 = Release|Any CPU
		{62A7459A-C046-4EE2-8FB8-981175C24254}.Release|x86.ActiveCfg = Release|Any CPU
		{5BFBF523-369B-4E00-931B-6E4E9641C1E0}.Debug|Any CPU.ActiveCfg = Debug|Any CPU
		{5BFBF523-369B-4E00-931B-6E4E9641C1E0}.Debug|Any CPU.Build.0 = Debug|Any CPU
		{5BFBF523-369B-4E00-931B-6E4E9641C1E0}.Debug|Mixed Platforms.ActiveCfg = Debug|Any CPU
		{5BFBF523-369B-4E00-931B-6E4E9641C1E0}.Debug|Mixed Platforms.Build.0 = Debug|Any CPU
		{5BFBF523-369B-4E00-931B-6E4E9641C1E0}.Debug|x86.ActiveCfg = Debug|Any CPU
		{5BFBF523-369B-4E00-931B-6E4E9641C1E0}.Release|Any CPU.ActiveCfg = Release|Any CPU
		{5BFBF523-369B-4E00-931B-6E4E9641C1E0}.Release|Any CPU.Build.0 = Release|Any CPU
		{5BFBF523-369B-4E00-931B-6E4E9641C1E0}.Release|Mixed Platforms.ActiveCfg = Release|Any CPU
		{5BFBF523-369B-4E00-931B-6E4E9641C1E0}.Release|Mixed Platforms.Build.0 = Release|Any CPU
		{5BFBF523-369B-4E00-931B-6E4E9641C1E0}.Release|x86.ActiveCfg = Release|Any CPU
		{D3692C31-075E-4C7F-94C2-0123CE7AD31D}.Debug|Any CPU.ActiveCfg = Debug|Any CPU
		{D3692C31-075E-4C7F-94C2-0123CE7AD31D}.Debug|Any CPU.Build.0 = Debug|Any CPU
		{D3692C31-075E-4C7F-94C2-0123CE7AD31D}.Debug|Any CPU.Deploy.0 = Debug|Any CPU
		{D3692C31-075E-4C7F-94C2-0123CE7AD31D}.Debug|Mixed Platforms.ActiveCfg = Debug|Any CPU
		{D3692C31-075E-4C7F-94C2-0123CE7AD31D}.Debug|Mixed Platforms.Build.0 = Debug|Any CPU
		{D3692C31-075E-4C7F-94C2-0123CE7AD31D}.Debug|Mixed Platforms.Deploy.0 = Debug|Any CPU
		{D3692C31-075E-4C7F-94C2-0123CE7AD31D}.Debug|x86.ActiveCfg = Debug|Any CPU
		{D3692C31-075E-4C7F-94C2-0123CE7AD31D}.Release|Any CPU.ActiveCfg = Release|Any CPU
		{D3692C31-075E-4C7F-94C2-0123CE7AD31D}.Release|Any CPU.Build.0 = Release|Any CPU
		{D3692C31-075E-4C7F-94C2-0123CE7AD31D}.Release|Any CPU.Deploy.0 = Release|Any CPU
		{D3692C31-075E-4C7F-94C2-0123CE7AD31D}.Release|Mixed Platforms.ActiveCfg = Release|Any CPU
		{D3692C31-075E-4C7F-94C2-0123CE7AD31D}.Release|Mixed Platforms.Build.0 = Release|Any CPU
		{D3692C31-075E-4C7F-94C2-0123CE7AD31D}.Release|Mixed Platforms.Deploy.0 = Release|Any CPU
		{D3692C31-075E-4C7F-94C2-0123CE7AD31D}.Release|x86.ActiveCfg = Release|Any CPU
	EndGlobalSection
	GlobalSection(SolutionProperties) = preSolution
		HideSolutionNode = FALSE
	EndGlobalSection
EndGlobal
